
Microsoft Visual Studio Solution File, Format Version 12.00
# Visual Studio Version 16
VisualStudioVersion = 16.0.32228.343
MinimumVisualStudioVersion = 10.0.40219.1
Project("{FAE04EC0-301F-11D3-BF4B-00C04F79EFBC}") = "Formulario", "WindowsFormsApp1\Formulario.csproj", "{C879E13B-C569-485E-8EF9-B4D875C20516}"
EndProject
Project("{FAE04EC0-301F-11D3-BF4B-00C04F79EFBC}") = "Models", "Model\Models.csproj", "{D4B0642F-A79D-4819-8812-3C2FAEED9C41}"
EndProject
Project("{FAE04EC0-301F-11D3-BF4B-00C04F79EFBC}") = "AutomaticTable", "AutomaticTable\AutomaticTable.csproj", "{8BD5198C-6136-42E9-AF71-A5C7E11F31F7}"
EndProject
Global
	GlobalSection(SolutionConfigurationPlatforms) = preSolution
		Debug|Any CPU = Debug|Any CPU
		Release|Any CPU = Release|Any CPU
	EndGlobalSection
	GlobalSection(ProjectConfigurationPlatforms) = postSolution
		{C879E13B-C569-485E-8EF9-B4D875C20516}.Debug|Any CPU.ActiveCfg = Debug|Any CPU
		{C879E13B-C569-485E-8EF9-B4D875C20516}.Debug|Any CPU.Build.0 = Debug|Any CPU
		{C879E13B-C569-485E-8EF9-B4D875C20516}.Release|Any CPU.ActiveCfg = Release|Any CPU
		{C879E13B-C569-485E-8EF9-B4D875C20516}.Release|Any CPU.Build.0 = Release|Any CPU
		{D4B0642F-A79D-4819-8812-3C2FAEED9C41}.Debug|Any CPU.ActiveCfg = Debug|Any CPU
		{D4B0642F-A79D-4819-8812-3C2FAEED9C41}.Debug|Any CPU.Build.0 = Debug|Any CPU
		{D4B0642F-A79D-4819-8812-3C2FAEED9C41}.Release|Any CPU.ActiveCfg = Release|Any CPU
		{D4B0642F-A79D-4819-8812-3C2FAEED9C41}.Release|Any CPU.Build.0 = Release|Any CPU
		{8BD5198C-6136-42E9-AF71-A5C7E11F31F7}.Debug|Any CPU.ActiveCfg = Debug|Any CPU
		{8BD5198C-6136-42E9-AF71-A5C7E11F31F7}.Debug|Any CPU.Build.0 = Debug|Any CPU
		{8BD5198C-6136-42E9-AF71-A5C7E11F31F7}.Release|Any CPU.ActiveCfg = Release|Any CPU
		{8BD5198C-6136-42E9-AF71-A5C7E11F31F7}.Release|Any CPU.Build.0 = Release|Any CPU
	EndGlobalSection
	GlobalSection(SolutionProperties) = preSolution
		HideSolutionNode = FALSE
	EndGlobalSection
	GlobalSection(ExtensibilityGlobals) = postSolution
		SolutionGuid = {956D31CF-C49C-4CD5-A38E-1C863A2975B5}
	EndGlobalSection
EndGlobal
